
Microsoft Visual Studio Solution File, Format Version 12.00
# Visual Studio 15
VisualStudioVersion = 15.0.28307.438
MinimumVisualStudioVersion = 10.0.40219.1
Project("{FAE04EC0-301F-11D3-BF4B-00C04F79EFBC}") = "Data Access Layer", "Data Access Layer\Data Access Layer.csproj", "{1C6B6943-B49F-4616-A6FD-0CE581457794}"
EndProject
Project("{FAE04EC0-301F-11D3-BF4B-00C04F79EFBC}") = "Presentation layer(Web API)", "Presentation layer(Web API)\Presentation layer(Web API).csproj", "{484EDBF3-81A9-452B-A660-800890A77307}"
EndProject
Global
	GlobalSection(SolutionConfigurationPlatforms) = preSolution
		Debug|Any CPU = Debug|Any CPU
		Release|Any CPU = Release|Any CPU
	EndGlobalSection
	GlobalSection(ProjectConfigurationPlatforms) = postSolution
		{1C6B6943-B49F-4616-A6FD-0CE581457794}.Debug|Any CPU.ActiveCfg = Debug|Any CPU
		{1C6B6943-B49F-4616-A6FD-0CE581457794}.Debug|Any CPU.Build.0 = Debug|Any CPU
		{1C6B6943-B49F-4616-A6FD-0CE581457794}.Release|Any CPU.ActiveCfg = Release|Any CPU
		{1C6B6943-B49F-4616-A6FD-0CE581457794}.Release|Any CPU.Build.0 = Release|Any CPU
		{484EDBF3-81A9-452B-A660-800890A77307}.Debug|Any CPU.ActiveCfg = Debug|Any CPU
		{484EDBF3-81A9-452B-A660-800890A77307}.Debug|Any CPU.Build.0 = Debug|Any CPU
		{484EDBF3-81A9-452B-A660-800890A77307}.Release|Any CPU.ActiveCfg = Release|Any CPU
		{484EDBF3-81A9-452B-A660-800890A77307}.Release|Any CPU.Build.0 = Release|Any CPU
	EndGlobalSection
	GlobalSection(SolutionProperties) = preSolution
		HideSolutionNode = FALSE
	EndGlobalSection
	GlobalSection(ExtensibilityGlobals) = postSolution
		SolutionGuid = {4BE509C2-F85A-49DB-99C8-2DE2CE4EF345}
	EndGlobalSection
EndGlobal
